// !$*UTF8*$!
{
	archiveVersion = 1;
	classes = {
	};
	objectVersion = 50;
	objects = {

/* Begin PBXBuildFile section */
		854B37CD21E23C0000F5697A /* AppDelegate.swift in Sources */ = {isa = PBXBuildFile; fileRef = 854B37CC21E23C0000F5697A /* AppDelegate.swift */; };
		854B37CF21E23C0000F5697A /* ViewController.swift in Sources */ = {isa = PBXBuildFile; fileRef = 854B37CE21E23C0000F5697A /* ViewController.swift */; };
		854B37D221E23C0000F5697A /* Main.storyboard in Resources */ = {isa = PBXBuildFile; fileRef = 854B37D021E23C0000F5697A /* Main.storyboard */; };
		854B37D521E23C0000F5697A /* _019CGProjectWork.xcdatamodeld in Sources */ = {isa = PBXBuildFile; fileRef = 854B37D321E23C0000F5697A /* _019CGProjectWork.xcdatamodeld */; };
		854B37D721E23C0100F5697A /* Assets.xcassets in Resources */ = {isa = PBXBuildFile; fileRef = 854B37D621E23C0100F5697A /* Assets.xcassets */; };
		854B37DA21E23C0100F5697A /* LaunchScreen.storyboard in Resources */ = {isa = PBXBuildFile; fileRef = 854B37D821E23C0100F5697A /* LaunchScreen.storyboard */; };
		854B37E521E23C0100F5697A /* _019CGProjectWorkTests.swift in Sources */ = {isa = PBXBuildFile; fileRef = 854B37E421E23C0100F5697A /* _019CGProjectWorkTests.swift */; };
		854B37F021E23C0100F5697A /* _019CGProjectWorkUITests.swift in Sources */ = {isa = PBXBuildFile; fileRef = 854B37EF21E23C0100F5697A /* _019CGProjectWorkUITests.swift */; };
/* End PBXBuildFile section */

/* Begin PBXContainerItemProxy section */
		854B37E121E23C0100F5697A /* PBXContainerItemProxy */ = {
			isa = PBXContainerItemProxy;
			containerPortal = 854B37C121E23C0000F5697A /* Project object */;
			proxyType = 1;
			remoteGlobalIDString = 854B37C821E23C0000F5697A;
			remoteInfo = 2019CGProjectWork;
		};
		854B37EC21E23C0100F5697A /* PBXContainerItemProxy */ = {
			isa = PBXContainerItemProxy;
			containerPortal = 854B37C121E23C0000F5697A /* Project object */;
			proxyType = 1;
			remoteGlobalIDString = 854B37C821E23C0000F5697A;
			remoteInfo = 2019CGProjectWork;
		};
/* End PBXContainerItemProxy section */

/* Begin PBXFileReference section */
		854B37C921E23C0000F5697A /* 2019CGProjectWork.app */ = {isa = PBXFileReference; explicitFileType = wrapper.application; includeInIndex = 0; path = 2019CGProjectWork.app; sourceTree = BUILT_PRODUCTS_DIR; };
		854B37CC21E23C0000F5697A /* AppDelegate.swift */ = {isa = PBXFileReference; lastKnownFileType = sourcecode.swift; path = AppDelegate.swift; sourceTree = "<group>"; };
		854B37CE21E23C0000F5697A /* ViewController.swift */ = {isa = PBXFileReference; lastKnownFileType = sourcecode.swift; path = ViewController.swift; sourceTree = "<group>"; };
		854B37D121E23C0000F5697A /* Base */ = {isa = PBXFileReference; lastKnownFileType = file.storyboard; name = Base; path = Base.lproj/Main.storyboard; sourceTree = "<group>"; };
		854B37D421E23C0000F5697A /* _019CGProjectWork.xcdatamodel */ = {isa = PBXFileReference; lastKnownFileType = wrapper.xcdatamodel; path = _019CGProjectWork.xcdatamodel; sourceTree = "<group>"; };
		854B37D621E23C0100F5697A /* Assets.xcassets */ = {isa = PBXFileReference; lastKnownFileType = folder.assetcatalog; path = Assets.xcassets; sourceTree = "<group>"; };
		854B37D921E23C0100F5697A /* Base */ = {isa = PBXFileReference; lastKnownFileType = file.storyboard; name = Base; path = Base.lproj/LaunchScreen.storyboard; sourceTree = "<group>"; };
		854B37DB21E23C0100F5697A /* Info.plist */ = {isa = PBXFileReference; lastKnownFileType = text.plist.xml; path = Info.plist; sourceTree = "<group>"; };
		854B37E021E23C0100F5697A /* 2019CGProjectWorkTests.xctest */ = {isa = PBXFileReference; explicitFileType = wrapper.cfbundle; includeInIndex = 0; path = 2019CGProjectWorkTests.xctest; sourceTree = BUILT_PRODUCTS_DIR; };
		854B37E421E23C0100F5697A /* _019CGProjectWorkTests.swift */ = {isa = PBXFileReference; lastKnownFileType = sourcecode.swift; path = _019CGProjectWorkTests.swift; sourceTree = "<group>"; };
		854B37E621E23C0100F5697A /* Info.plist */ = {isa = PBXFileReference; lastKnownFileType = text.plist.xml; path = Info.plist; sourceTree = "<group>"; };
		854B37EB21E23C0100F5697A /* 2019CGProjectWorkUITests.xctest */ = {isa = PBXFileReference; explicitFileType = wrapper.cfbundle; includeInIndex = 0; path = 2019CGProjectWorkUITests.xctest; sourceTree = BUILT_PRODUCTS_DIR; };
		854B37EF21E23C0100F5697A /* _019CGProjectWorkUITests.swift */ = {isa = PBXFileReference; lastKnownFileType = sourcecode.swift; path = _019CGProjectWorkUITests.swift; sourceTree = "<group>"; };
		854B37F121E23C0100F5697A /* Info.plist */ = {isa = PBXFileReference; lastKnownFileType = text.plist.xml; path = Info.plist; sourceTree = "<group>"; };
/* End PBXFileReference section */

/* Begin PBXFrameworksBuildPhase section */
		854B37C621E23C0000F5697A /* Frameworks */ = {
			isa = PBXFrameworksBuildPhase;
			buildActionMask = 2147483647;
			files = (
			);
			runOnlyForDeploymentPostprocessing = 0;
		};
		854B37DD21E23C0100F5697A /* Frameworks */ = {
			isa = PBXFrameworksBuildPhase;
			buildActionMask = 2147483647;
			files = (
			);
			runOnlyForDeploymentPostprocessing = 0;
		};
		854B37E821E23C0100F5697A /* Frameworks */ = {
			isa = PBXFrameworksBuildPhase;
			buildActionMask = 2147483647;
			files = (
			);
			runOnlyForDeploymentPostprocessing = 0;
		};
/* End PBXFrameworksBuildPhase section */

/* Begin PBXGroup section */
		854B37C021E23C0000F5697A = {
			isa = PBXGroup;
			children = (
				854B37CB21E23C0000F5697A /* 2019CGProjectWork */,
				854B37E321E23C0100F5697A /* 2019CGProjectWorkTests */,
				854B37EE21E23C0100F5697A /* 2019CGProjectWorkUITests */,
				854B37CA21E23C0000F5697A /* Products */,
			);
			sourceTree = "<group>";
		};
		854B37CA21E23C0000F5697A /* Products */ = {
			isa = PBXGroup;
			children = (
				854B37C921E23C0000F5697A /* 2019CGProjectWork.app */,
				854B37E021E23C0100F5697A /* 2019CGProjectWorkTests.xctest */,
				854B37EB21E23C0100F5697A /* 2019CGProjectWorkUITests.xctest */,
			);
			name = Products;
			sourceTree = "<group>";
		};
		854B37CB21E23C0000F5697A /* 2019CGProjectWork */ = {
			isa = PBXGroup;
			children = (
				854B37CC21E23C0000F5697A /* AppDelegate.swift */,
				854B37CE21E23C0000F5697A /* ViewController.swift */,
				854B37D021E23C0000F5697A /* Main.storyboard */,
				854B37D621E23C0100F5697A /* Assets.xcassets */,
				854B37D821E23C0100F5697A /* LaunchScreen.storyboard */,
				854B37DB21E23C0100F5697A /* Info.plist */,
				854B37D321E23C0000F5697A /* _019CGProjectWork.xcdatamodeld */,
			);
			path = 2019CGProjectWork;
			sourceTree = "<group>";
		};
		854B37E321E23C0100F5697A /* 2019CGProjectWorkTests */ = {
			isa = PBXGroup;
			children = (
				854B37E421E23C0100F5697A /* _019CGProjectWorkTests.swift */,
				854B37E621E23C0100F5697A /* Info.plist */,
			);
			path = 2019CGProjectWorkTests;
			sourceTree = "<group>";
		};
		854B37EE21E23C0100F5697A /* 2019CGProjectWorkUITests */ = {
			isa = PBXGroup;
			children = (
				854B37EF21E23C0100F5697A /* _019CGProjectWorkUITests.swift */,
				854B37F121E23C0100F5697A /* Info.plist */,
			);
			path = 2019CGProjectWorkUITests;
			sourceTree = "<group>";
		};
/* End PBXGroup section */

/* Begin PBXNativeTarget section */
		854B37C821E23C0000F5697A /* 2019CGProjectWork */ = {
			isa = PBXNativeTarget;
			buildConfigurationList = 854B37F421E23C0100F5697A /* Build configuration list for PBXNativeTarget "2019CGProjectWork" */;
			buildPhases = (
				854B37C521E23C0000F5697A /* Sources */,
				854B37C621E23C0000F5697A /* Frameworks */,
				854B37C721E23C0000F5697A /* Resources */,
			);
			buildRules = (
			);
			dependencies = (
			);
			name = 2019CGProjectWork;
			productName = 2019CGProjectWork;
			productReference = 854B37C921E23C0000F5697A /* 2019CGProjectWork.app */;
			productType = "com.apple.product-type.application";
		};
		854B37DF21E23C0100F5697A /* 2019CGProjectWorkTests */ = {
			isa = PBXNativeTarget;
			buildConfigurationList = 854B37F721E23C0100F5697A /* Build configuration list for PBXNativeTarget "2019CGProjectWorkTests" */;
			buildPhases = (
				854B37DC21E23C0100F5697A /* Sources */,
				854B37DD21E23C0100F5697A /* Frameworks */,
				854B37DE21E23C0100F5697A /* Resources */,
			);
			buildRules = (
			);
			dependencies = (
				854B37E221E23C0100F5697A /* PBXTargetDependency */,
			);
			name = 2019CGProjectWorkTests;
			productName = 2019CGProjectWorkTests;
			productReference = 854B37E021E23C0100F5697A /* 2019CGProjectWorkTests.xctest */;
			productType = "com.apple.product-type.bundle.unit-test";
		};
		854B37EA21E23C0100F5697A /* 2019CGProjectWorkUITests */ = {
			isa = PBXNativeTarget;
			buildConfigurationList = 854B37FA21E23C0100F5697A /* Build configuration list for PBXNativeTarget "2019CGProjectWorkUITests" */;
			buildPhases = (
				854B37E721E23C0100F5697A /* Sources */,
				854B37E821E23C0100F5697A /* Frameworks */,
				854B37E921E23C0100F5697A /* Resources */,
			);
			buildRules = (
			);
			dependencies = (
				854B37ED21E23C0100F5697A /* PBXTargetDependency */,
			);
			name = 2019CGProjectWorkUITests;
			productName = 2019CGProjectWorkUITests;
			productReference = 854B37EB21E23C0100F5697A /* 2019CGProjectWorkUITests.xctest */;
			productType = "com.apple.product-type.bundle.ui-testing";
		};
/* End PBXNativeTarget section */

/* Begin PBXProject section */
		854B37C121E23C0000F5697A /* Project object */ = {
			isa = PBXProject;
			attributes = {
				LastSwiftUpdateCheck = 1000;
				LastUpgradeCheck = 1000;
				ORGANIZATIONNAME = "iOS Class";
				TargetAttributes = {
					854B37C821E23C0000F5697A = {
						CreatedOnToolsVersion = 10.0;
					};
					854B37DF21E23C0100F5697A = {
						CreatedOnToolsVersion = 10.0;
						TestTargetID = 854B37C821E23C0000F5697A;
					};
					854B37EA21E23C0100F5697A = {
						CreatedOnToolsVersion = 10.0;
						TestTargetID = 854B37C821E23C0000F5697A;
					};
				};
			};
			buildConfigurationList = 854B37C421E23C0000F5697A /* Build configuration list for PBXProject "2019CGProjectWork" */;
			compatibilityVersion = "Xcode 9.3";
			developmentRegion = en;
			hasScannedForEncodings = 0;
			knownRegions = (
				en,
				Base,
			);
			mainGroup = 854B37C021E23C0000F5697A;
			productRefGroup = 854B37CA21E23C0000F5697A /* Products */;
			projectDirPath = "";
			projectRoot = "";
			targets = (
				854B37C821E23C0000F5697A /* 2019CGProjectWork */,
				854B37DF21E23C0100F5697A /* 2019CGProjectWorkTests */,
				854B37EA21E23C0100F5697A /* 2019CGProjectWorkUITests */,
			);
		};
/* End PBXProject section */

/* Begin PBXResourcesBuildPhase section */
		854B37C721E23C0000F5697A /* Resources */ = {
			isa = PBXResourcesBuildPhase;
			buildActionMask = 2147483647;
			files = (
				854B37DA21E23C0100F5697A /* LaunchScreen.storyboard in Resources */,
				854B37D721E23C0100F5697A /* Assets.xcassets in Resources */,
				854B37D221E23C0000F5697A /* Main.storyboard in Resources */,
			);
			runOnlyForDeploymentPostprocessing = 0;
		};
		854B37DE21E23C0100F5697A /* Resources */ = {
			isa = PBXResourcesBuildPhase;
			buildActionMask = 2147483647;
			files = (
			);
			runOnlyForDeploymentPostprocessing = 0;
		};
		854B37E921E23C0100F5697A /* Resources */ = {
			isa = PBXResourcesBuildPhase;
			buildActionMask = 2147483647;
			files = (
			);
			runOnlyForDeploymentPostprocessing = 0;
		};
/* End PBXResourcesBuildPhase section */

/* Begin PBXSourcesBuildPhase section */
		854B37C521E23C0000F5697A /* Sources */ = {
			isa = PBXSourcesBuildPhase;
			buildActionMask = 2147483647;
			files = (
				854B37CF21E23C0000F5697A /* ViewController.swift in Sources */,
				854B37CD21E23C0000F5697A /* AppDelegate.swift in Sources */,
				854B37D521E23C0000F5697A /* _019CGProjectWork.xcdatamodeld in Sources */,
			);
			runOnlyForDeploymentPostprocessing = 0;
		};
		854B37DC21E23C0100F5697A /* Sources */ = {
			isa = PBXSourcesBuildPhase;
			buildActionMask = 2147483647;
			files = (
				854B37E521E23C0100F5697A /* _019CGProjectWorkTests.swift in Sources */,
			);
			runOnlyForDeploymentPostprocessing = 0;
		};
		854B37E721E23C0100F5697A /* Sources */ = {
			isa = PBXSourcesBuildPhase;
			buildActionMask = 2147483647;
			files = (
				854B37F021E23C0100F5697A /* _019CGProjectWorkUITests.swift in Sources */,
			);
			runOnlyForDeploymentPostprocessing = 0;
		};
/* End PBXSourcesBuildPhase section */

/* Begin PBXTargetDependency section */
		854B37E221E23C0100F5697A /* PBXTargetDependency */ = {
			isa = PBXTargetDependency;
			target = 854B37C821E23C0000F5697A /* 2019CGProjectWork */;
			targetProxy = 854B37E121E23C0100F5697A /* PBXContainerItemProxy */;
		};
		854B37ED21E23C0100F5697A /* PBXTargetDependency */ = {
			isa = PBXTargetDependency;
			target = 854B37C821E23C0000F5697A /* 2019CGProjectWork */;
			targetProxy = 854B37EC21E23C0100F5697A /* PBXContainerItemProxy */;
		};
/* End PBXTargetDependency section */

/* Begin PBXVariantGroup section */
		854B37D021E23C0000F5697A /* Main.storyboard */ = {
			isa = PBXVariantGroup;
			children = (
				854B37D121E23C0000F5697A /* Base */,
			);
			name = Main.storyboard;
			sourceTree = "<group>";
		};
		854B37D821E23C0100F5697A /* LaunchScreen.storyboard */ = {
			isa = PBXVariantGroup;
			children = (
				854B37D921E23C0100F5697A /* Base */,
			);
			name = LaunchScreen.storyboard;
			sourceTree = "<group>";
		};
/* End PBXVariantGroup section */

/* Begin XCBuildConfiguration section */
		854B37F221E23C0100F5697A /* Debug */ = {
			isa = XCBuildConfiguration;
			buildSettings = {
				ALWAYS_SEARCH_USER_PATHS = NO;
				CLANG_ANALYZER_NONNULL = YES;
				CLANG_ANALYZER_NUMBER_OBJECT_CONVERSION = YES_AGGRESSIVE;
				CLANG_CXX_LANGUAGE_STANDARD = "gnu++14";
				CLANG_CXX_LIBRARY = "libc++";
				CLANG_ENABLE_MODULES = YES;
				CLANG_ENABLE_OBJC_ARC = YES;
				CLANG_ENABLE_OBJC_WEAK = YES;
				CLANG_WARN_BLOCK_CAPTURE_AUTORELEASING = YES;
				CLANG_WARN_BOOL_CONVERSION = YES;
				CLANG_WARN_COMMA = YES;
				CLANG_WARN_CONSTANT_CONVERSION = YES;
				CLANG_WARN_DEPRECATED_OBJC_IMPLEMENTATIONS = YES;
				CLANG_WARN_DIRECT_OBJC_ISA_USAGE = YES_ERROR;
				CLANG_WARN_DOCUMENTATION_COMMENTS = YES;
				CLANG_WARN_EMPTY_BODY = YES;
				CLANG_WARN_ENUM_CONVERSION = YES;
				CLANG_WARN_INFINITE_RECURSION = YES;
				CLANG_WARN_INT_CONVERSION = YES;
				CLANG_WARN_NON_LITERAL_NULL_CONVERSION = YES;
				CLANG_WARN_OBJC_IMPLICIT_RETAIN_SELF = YES;
				CLANG_WARN_OBJC_LITERAL_CONVERSION = YES;
				CLANG_WARN_OBJC_ROOT_CLASS = YES_ERROR;
				CLANG_WARN_RANGE_LOOP_ANALYSIS = YES;
				CLANG_WARN_STRICT_PROTOTYPES = YES;
				CLANG_WARN_SUSPICIOUS_MOVE = YES;
				CLANG_WARN_UNGUARDED_AVAILABILITY = YES_AGGRESSIVE;
				CLANG_WARN_UNREACHABLE_CODE = YES;
				CLANG_WARN__DUPLICATE_METHOD_MATCH = YES;
				CODE_SIGN_IDENTITY = "iPhone Developer";
				COPY_PHASE_STRIP = NO;
				DEBUG_INFORMATION_FORMAT = dwarf;
				ENABLE_STRICT_OBJC_MSGSEND = YES;
				ENABLE_TESTABILITY = YES;
				GCC_C_LANGUAGE_STANDARD = gnu11;
				GCC_DYNAMIC_NO_PIC = NO;
				GCC_NO_COMMON_BLOCKS = YES;
				GCC_OPTIMIZATION_LEVEL = 0;
				GCC_PREPROCESSOR_DEFINITIONS = (
					"DEBUG=1",
					"$(inherited)",
				);
				GCC_WARN_64_TO_32_BIT_CONVERSION = YES;
				GCC_WARN_ABOUT_RETURN_TYPE = YES_ERROR;
				GCC_WARN_UNDECLARED_SELECTOR = YES;
				GCC_WARN_UNINITIALIZED_AUTOS = YES_AGGRESSIVE;
				GCC_WARN_UNUSED_FUNCTION = YES;
				GCC_WARN_UNUSED_VARIABLE = YES;
				IPHONEOS_DEPLOYMENT_TARGET = 12.0;
				MTL_ENABLE_DEBUG_INFO = INCLUDE_SOURCE;
				MTL_FAST_MATH = YES;
				ONLY_ACTIVE_ARCH = YES;
				SDKROOT = iphoneos;
				SWIFT_ACTIVE_COMPILATION_CONDITIONS = DEBUG;
				SWIFT_OPTIMIZATION_LEVEL = "-Onone";
			};
			name = Debug;
		};
		854B37F321E23C0100F5697A /* Release */ = {
			isa = XCBuildConfiguration;
			buildSettings = {
				ALWAYS_SEARCH_USER_PATHS = NO;
				CLANG_ANALYZER_NONNULL = YES;
				CLANG_ANALYZER_NUMBER_OBJECT_CONVERSION = YES_AGGRESSIVE;
				CLANG_CXX_LANGUAGE_STANDARD = "gnu++14";
				CLANG_CXX_LIBRARY = "libc++";
				CLANG_ENABLE_MODULES = YES;
				CLANG_ENABLE_OBJC_ARC = YES;
				CLANG_ENABLE_OBJC_WEAK = YES;
				CLANG_WARN_BLOCK_CAPTURE_AUTORELEASING = YES;
				CLANG_WARN_BOOL_CONVERSION = YES;
				CLANG_WARN_COMMA = YES;
				CLANG_WARN_CONSTANT_CONVERSION = YES;
				CLANG_WARN_DEPRECATED_OBJC_IMPLEMENTATIONS = YES;
				CLANG_WARN_DIRECT_OBJC_ISA_USAGE = YES_ERROR;
				CLANG_WARN_DOCUMENTATION_COMMENTS = YES;
				CLANG_WARN_EMPTY_BODY = YES;
				CLANG_WARN_ENUM_CONVERSION = YES;
				CLANG_WARN_INFINITE_RECURSION = YES;
				CLANG_WARN_INT_CONVERSION = YES;
				CLANG_WARN_NON_LITERAL_NULL_CONVERSION = YES;
				CLANG_WARN_OBJC_IMPLICIT_RETAIN_SELF = YES;
				CLANG_WARN_OBJC_LITERAL_CONVERSION = YES;
				CLANG_WARN_OBJC_ROOT_CLASS = YES_ERROR;
				CLANG_WARN_RANGE_LOOP_ANALYSIS = YES;
				CLANG_WARN_STRICT_PROTOTYPES = YES;
				CLANG_WARN_SUSPICIOUS_MOVE = YES;
				CLANG_WARN_UNGUARDED_AVAILABILITY = YES_AGGRESSIVE;
				CLANG_WARN_UNREACHABLE_CODE = YES;
				CLANG_WARN__DUPLICATE_METHOD_MATCH = YES;
				CODE_SIGN_IDENTITY = "iPhone Developer";
				COPY_PHASE_STRIP = NO;
				DEBUG_INFORMATION_FORMAT = "dwarf-with-dsym";
				ENABLE_NS_ASSERTIONS = NO;
				ENABLE_STRICT_OBJC_MSGSEND = YES;
				GCC_C_LANGUAGE_STANDARD = gnu11;
				GCC_NO_COMMON_BLOCKS = YES;
				GCC_WARN_64_TO_32_BIT_CONVERSION = YES;
				GCC_WARN_ABOUT_RETURN_TYPE = YES_ERROR;
				GCC_WARN_UNDECLARED_SELECTOR = YES;
				GCC_WARN_UNINITIALIZED_AUTOS = YES_AGGRESSIVE;
				GCC_WARN_UNUSED_FUNCTION = YES;
				GCC_WARN_UNUSED_VARIABLE = YES;
				IPHONEOS_DEPLOYMENT_TARGET = 12.0;
				MTL_ENABLE_DEBUG_INFO = NO;
				MTL_FAST_MATH = YES;
				SDKROOT = iphoneos;
				SWIFT_COMPILATION_MODE = wholemodule;
				SWIFT_OPTIMIZATION_LEVEL = "-O";
				VALIDATE_PRODUCT = YES;
			};
			name = Release;
		};
		854B37F521E23C0100F5697A /* Debug */ = {
			isa = XCBuildConfiguration;
			buildSettings = {
				ASSETCATALOG_COMPILER_APPICON_NAME = AppIcon;
				CODE_SIGN_STYLE = Automatic;
				DEVELOPMENT_TEAM = 2W9XDB5J5L;
				INFOPLIST_FILE = 2019CGProjectWork/Info.plist;
				LD_RUNPATH_SEARCH_PATHS = (
					"$(inherited)",
					"@executable_path/Frameworks",
				);
				PRODUCT_BUNDLE_IDENTIFIER = "com.iOSclass.-019CGProjectWork";
				PRODUCT_NAME = "$(TARGET_NAME)";
				SWIFT_VERSION = 4.2;
				TARGETED_DEVICE_FAMILY = "1,2";
			};
			name = Debug;
		};
		854B37F621E23C0100F5697A /* Release */ = {
			isa = XCBuildConfiguration;
			buildSettings = {
				ASSETCATALOG_COMPILER_APPICON_NAME = AppIcon;
				CODE_SIGN_STYLE = Automatic;
				DEVELOPMENT_TEAM = 2W9XDB5J5L;
				INFOPLIST_FILE = 2019CGProjectWork/Info.plist;
				LD_RUNPATH_SEARCH_PATHS = (
					"$(inherited)",
					"@executable_path/Frameworks",
				);
				PRODUCT_BUNDLE_IDENTIFIER = "com.iOSclass.-019CGProjectWork";
				PRODUCT_NAME = "$(TARGET_NAME)";
				SWIFT_VERSION = 4.2;
				TARGETED_DEVICE_FAMILY = "1,2";
			};
			name = Release;
		};
		854B37F821E23C0100F5697A /* Debug */ = {
			isa = XCBuildConfiguration;
			buildSettings = {
				ALWAYS_EMBED_SWIFT_STANDARD_LIBRARIES = YES;
				BUNDLE_LOADER = "$(TEST_HOST)";
				CODE_SIGN_STYLE = Automatic;
				DEVELOPMENT_TEAM = 2W9XDB5J5L;
				INFOPLIST_FILE = 2019CGProjectWorkTests/Info.plist;
				LD_RUNPATH_SEARCH_PATHS = (
					"$(inherited)",
					"@executable_path/Frameworks",
					"@loader_path/Frameworks",
				);
				PRODUCT_BUNDLE_IDENTIFIER = "com.iOSclass.-019CGProjectWorkTests";
				PRODUCT_NAME = "$(TARGET_NAME)";
				SWIFT_VERSION = 4.2;
				TARGETED_DEVICE_FAMILY = "1,2";
				TEST_HOST = "$(BUILT_PRODUCTS_DIR)/2019CGProjectWork.app/2019CGProjectWork";
			};
			name = Debug;
		};
		854B37F921E23C0100F5697A /* Release */ = {
			isa = XCBuildConfiguration;
			buildSettings = {
				ALWAYS_EMBED_SWIFT_STANDARD_LIBRARIES = YES;
				BUNDLE_LOADER = "$(TEST_HOST)";
				CODE_SIGN_STYLE = Automatic;
				DEVELOPMENT_TEAM = 2W9XDB5J5L;
				INFOPLIST_FILE = 2019CGProjectWorkTests/Info.plist;
				LD_RUNPATH_SEARCH_PATHS = (
					"$(inherited)",
					"@executable_path/Frameworks",
					"@loader_path/Frameworks",
				);
				PRODUCT_BUNDLE_IDENTIFIER = "com.iOSclass.-019CGProjectWorkTests";
				PRODUCT_NAME = "$(TARGET_NAME)";
				SWIFT_VERSION = 4.2;
				TARGETED_DEVICE_FAMILY = "1,2";
				TEST_HOST = "$(BUILT_PRODUCTS_DIR)/2019CGProjectWork.app/2019CGProjectWork";
			};
			name = Release;
		};
		854B37FB21E23C0100F5697A /* Debug */ = {
			isa = XCBuildConfiguration;
			buildSettings = {
				ALWAYS_EMBED_SWIFT_STANDARD_LIBRARIES = YES;
				CODE_SIGN_STYLE = Automatic;
				DEVELOPMENT_TEAM = 2W9XDB5J5L;
				INFOPLIST_FILE = 2019CGProjectWorkUITests/Info.plist;
				LD_RUNPATH_SEARCH_PATHS = (
					"$(inherited)",
					"@executable_path/Frameworks",
					"@loader_path/Frameworks",
				);
				PRODUCT_BUNDLE_IDENTIFIER = "com.iOSclass.-019CGProjectWorkUITests";
				PRODUCT_NAME = "$(TARGET_NAME)";
				SWIFT_VERSION = 4.2;
				TARGETED_DEVICE_FAMILY = "1,2";
				TEST_TARGET_NAME = 2019CGProjectWork;
			};
			name = Debug;
		};
		854B37FC21E23C0100F5697A /* Release */ = {
			isa = XCBuildConfiguration;
			buildSettings = {
				ALWAYS_EMBED_SWIFT_STANDARD_LIBRARIES = YES;
				CODE_SIGN_STYLE = Automatic;
				DEVELOPMENT_TEAM = 2W9XDB5J5L;
				INFOPLIST_FILE = 2019CGProjectWorkUITests/Info.plist;
				LD_RUNPATH_SEARCH_PATHS = (
					"$(inherited)",
					"@executable_path/Frameworks",
					"@loader_path/Frameworks",
				);
				PRODUCT_BUNDLE_IDENTIFIER = "com.iOSclass.-019CGProjectWorkUITests";
				PRODUCT_NAME = "$(TARGET_NAME)";
				SWIFT_VERSION = 4.2;
				TARGETED_DEVICE_FAMILY = "1,2";
				TEST_TARGET_NAME = 2019CGProjectWork;
			};
			name = Release;
		};
/* End XCBuildConfiguration section */

/* Begin XCConfigurationList section */
		854B37C421E23C0000F5697A /* Build configuration list for PBXProject "2019CGProjectWork" */ = {
			isa = XCConfigurationList;
			buildConfigurations = (
				854B37F221E23C0100F5697A /* Debug */,
				854B37F321E23C0100F5697A /* Release */,
			);
			defaultConfigurationIsVisible = 0;
			defaultConfigurationName = Release;
		};
		854B37F421E23C0100F5697A /* Build configuration list for PBXNativeTarget "2019CGProjectWork" */ = {
			isa = XCConfigurationList;
			buildConfigurations = (
				854B37F521E23C0100F5697A /* Debug */,
				854B37F621E23C0100F5697A /* Release */,
			);
			defaultConfigurationIsVisible = 0;
			defaultConfigurationName = Release;
		};
		854B37F721E23C0100F5697A /* Build configuration list for PBXNativeTarget "2019CGProjectWorkTests" */ = {
			isa = XCConfigurationList;
			buildConfigurations = (
				854B37F821E23C0100F5697A /* Debug */,
				854B37F921E23C0100F5697A /* Release */,
			);
			defaultConfigurationIsVisible = 0;
			defaultConfigurationName = Release;
		};
		854B37FA21E23C0100F5697A /* Build configuration list for PBXNativeTarget "2019CGProjectWorkUITests" */ = {
			isa = XCConfigurationList;
			buildConfigurations = (
				854B37FB21E23C0100F5697A /* Debug */,
				854B37FC21E23C0100F5697A /* Release */,
			);
			defaultConfigurationIsVisible = 0;
			defaultConfigurationName = Release;
		};
/* End XCConfigurationList section */

/* Begin XCVersionGroup section */
		854B37D321E23C0000F5697A /* _019CGProjectWork.xcdatamodeld */ = {
			isa = XCVersionGroup;
			children = (
				854B37D421E23C0000F5697A /* _019CGProjectWork.xcdatamodel */,
			);
			currentVersion = 854B37D421E23C0000F5697A /* _019CGProjectWork.xcdatamodel */;
			path = _019CGProjectWork.xcdatamodeld;
			sourceTree = "<group>";
			versionGroupType = wrapper.xcdatamodel;
		};
/* End XCVersionGroup section */
	};
	rootObject = 854B37C121E23C0000F5697A /* Project object */;
}
